// !$*UTF8*$!
{
	archiveVersion = 1;
	classes = {
	};
	objectVersion = 48;
	objects = {

/* Begin PBXBuildFile section */
		5C5A33F322847402003D341D /* AppDelegate.swift in Sources */ = {isa = PBXBuildFile; fileRef = 5C5A33F222847402003D341D /* AppDelegate.swift */; };
		5C5A33F522847402003D341D /* ViewController.swift in Sources */ = {isa = PBXBuildFile; fileRef = 5C5A33F422847402003D341D /* ViewController.swift */; };
		5C5A33F822847402003D341D /* Main.storyboard in Resources */ = {isa = PBXBuildFile; fileRef = 5C5A33F622847402003D341D /* Main.storyboard */; };
		5C5A33FB22847402003D341D /* EvoMobileLab2019TestDanylovaAnna.xcdatamodeld in Sources */ = {isa = PBXBuildFile; fileRef = 5C5A33F922847402003D341D /* EvoMobileLab2019TestDanylovaAnna.xcdatamodeld */; };
		5C5A33FD22847402003D341D /* Assets.xcassets in Resources */ = {isa = PBXBuildFile; fileRef = 5C5A33FC22847402003D341D /* Assets.xcassets */; };
		5C5A340022847402003D341D /* LaunchScreen.storyboard in Resources */ = {isa = PBXBuildFile; fileRef = 5C5A33FE22847402003D341D /* LaunchScreen.storyboard */; };
		5C5A340B22847402003D341D /* EvoMobileLab2019TestDanylovaAnnaTests.swift in Sources */ = {isa = PBXBuildFile; fileRef = 5C5A340A22847402003D341D /* EvoMobileLab2019TestDanylovaAnnaTests.swift */; };
		5C5A341622847402003D341D /* EvoMobileLab2019TestDanylovaAnnaUITests.swift in Sources */ = {isa = PBXBuildFile; fileRef = 5C5A341522847402003D341D /* EvoMobileLab2019TestDanylovaAnnaUITests.swift */; };
		5C5A342522847B5C003D341D /* Model.xcdatamodeld in Sources */ = {isa = PBXBuildFile; fileRef = 5C5A342322847B5C003D341D /* Model.xcdatamodeld */; };
/* End PBXBuildFile section */

/* Begin PBXContainerItemProxy section */
		5C5A340722847402003D341D /* PBXContainerItemProxy */ = {
			isa = PBXContainerItemProxy;
			containerPortal = 5C5A33E722847402003D341D /* Project object */;
			proxyType = 1;
			remoteGlobalIDString = 5C5A33EE22847402003D341D;
			remoteInfo = EvoMobileLab2019TestDanylovaAnna;
		};
		5C5A341222847402003D341D /* PBXContainerItemProxy */ = {
			isa = PBXContainerItemProxy;
			containerPortal = 5C5A33E722847402003D341D /* Project object */;
			proxyType = 1;
			remoteGlobalIDString = 5C5A33EE22847402003D341D;
			remoteInfo = EvoMobileLab2019TestDanylovaAnna;
		};
/* End PBXContainerItemProxy section */

/* Begin PBXFileReference section */
		5C5A33EF22847402003D341D /* EvoMobileLab2019TestDanylovaAnna.app */ = {isa = PBXFileReference; explicitFileType = wrapper.application; includeInIndex = 0; path = EvoMobileLab2019TestDanylovaAnna.app; sourceTree = BUILT_PRODUCTS_DIR; };
		5C5A33F222847402003D341D /* AppDelegate.swift */ = {isa = PBXFileReference; lastKnownFileType = sourcecode.swift; path = AppDelegate.swift; sourceTree = "<group>"; };
		5C5A33F422847402003D341D /* ViewController.swift */ = {isa = PBXFileReference; lastKnownFileType = sourcecode.swift; path = ViewController.swift; sourceTree = "<group>"; };
		5C5A33F722847402003D341D /* Base */ = {isa = PBXFileReference; lastKnownFileType = file.storyboard; name = Base; path = Base.lproj/Main.storyboard; sourceTree = "<group>"; };
		5C5A33FA22847402003D341D /* EvoMobileLab2019TestDanylovaAnna.xcdatamodel */ = {isa = PBXFileReference; lastKnownFileType = wrapper.xcdatamodel; path = EvoMobileLab2019TestDanylovaAnna.xcdatamodel; sourceTree = "<group>"; };
		5C5A33FC22847402003D341D /* Assets.xcassets */ = {isa = PBXFileReference; lastKnownFileType = folder.assetcatalog; path = Assets.xcassets; sourceTree = "<group>"; };
		5C5A33FF22847402003D341D /* Base */ = {isa = PBXFileReference; lastKnownFileType = file.storyboard; name = Base; path = Base.lproj/LaunchScreen.storyboard; sourceTree = "<group>"; };
		5C5A340122847402003D341D /* Info.plist */ = {isa = PBXFileReference; lastKnownFileType = text.plist.xml; path = Info.plist; sourceTree = "<group>"; };
		5C5A340622847402003D341D /* EvoMobileLab2019TestDanylovaAnnaTests.xctest */ = {isa = PBXFileReference; explicitFileType = wrapper.cfbundle; includeInIndex = 0; path = EvoMobileLab2019TestDanylovaAnnaTests.xctest; sourceTree = BUILT_PRODUCTS_DIR; };
		5C5A340A22847402003D341D /* EvoMobileLab2019TestDanylovaAnnaTests.swift */ = {isa = PBXFileReference; lastKnownFileType = sourcecode.swift; path = EvoMobileLab2019TestDanylovaAnnaTests.swift; sourceTree = "<group>"; };
		5C5A340C22847402003D341D /* Info.plist */ = {isa = PBXFileReference; lastKnownFileType = text.plist.xml; path = Info.plist; sourceTree = "<group>"; };
		5C5A341122847402003D341D /* EvoMobileLab2019TestDanylovaAnnaUITests.xctest */ = {isa = PBXFileReference; explicitFileType = wrapper.cfbundle; includeInIndex = 0; path = EvoMobileLab2019TestDanylovaAnnaUITests.xctest; sourceTree = BUILT_PRODUCTS_DIR; };
		5C5A341522847402003D341D /* EvoMobileLab2019TestDanylovaAnnaUITests.swift */ = {isa = PBXFileReference; lastKnownFileType = sourcecode.swift; path = EvoMobileLab2019TestDanylovaAnnaUITests.swift; sourceTree = "<group>"; };
		5C5A341722847402003D341D /* Info.plist */ = {isa = PBXFileReference; lastKnownFileType = text.plist.xml; path = Info.plist; sourceTree = "<group>"; };
		5C5A342422847B5C003D341D /* Model.xcdatamodel */ = {isa = PBXFileReference; lastKnownFileType = wrapper.xcdatamodel; path = Model.xcdatamodel; sourceTree = "<group>"; };
/* End PBXFileReference section */

/* Begin PBXFrameworksBuildPhase section */
		5C5A33EC22847402003D341D /* Frameworks */ = {
			isa = PBXFrameworksBuildPhase;
			buildActionMask = 2147483647;
			files = (
			);
			runOnlyForDeploymentPostprocessing = 0;
		};
		5C5A340322847402003D341D /* Frameworks */ = {
			isa = PBXFrameworksBuildPhase;
			buildActionMask = 2147483647;
			files = (
			);
			runOnlyForDeploymentPostprocessing = 0;
		};
		5C5A340E22847402003D341D /* Frameworks */ = {
			isa = PBXFrameworksBuildPhase;
			buildActionMask = 2147483647;
			files = (
			);
			runOnlyForDeploymentPostprocessing = 0;
		};
/* End PBXFrameworksBuildPhase section */

/* Begin PBXGroup section */
		5C5A33E622847402003D341D = {
			isa = PBXGroup;
			children = (
				5C5A33F122847402003D341D /* EvoMobileLab2019TestDanylovaAnna */,
				5C5A340922847402003D341D /* EvoMobileLab2019TestDanylovaAnnaTests */,
				5C5A341422847402003D341D /* EvoMobileLab2019TestDanylovaAnnaUITests */,
				5C5A33F022847402003D341D /* Products */,
			);
			sourceTree = "<group>";
		};
		5C5A33F022847402003D341D /* Products */ = {
			isa = PBXGroup;
			children = (
				5C5A33EF22847402003D341D /* EvoMobileLab2019TestDanylovaAnna.app */,
				5C5A340622847402003D341D /* EvoMobileLab2019TestDanylovaAnnaTests.xctest */,
				5C5A341122847402003D341D /* EvoMobileLab2019TestDanylovaAnnaUITests.xctest */,
			);
			name = Products;
			sourceTree = "<group>";
		};
		5C5A33F122847402003D341D /* EvoMobileLab2019TestDanylovaAnna */ = {
			isa = PBXGroup;
			children = (
				5C5A33F222847402003D341D /* AppDelegate.swift */,
				5C5A33F422847402003D341D /* ViewController.swift */,
				5C5A33F622847402003D341D /* Main.storyboard */,
				5C5A33FC22847402003D341D /* Assets.xcassets */,
				5C5A33FE22847402003D341D /* LaunchScreen.storyboard */,
				5C5A340122847402003D341D /* Info.plist */,
				5C5A33F922847402003D341D /* EvoMobileLab2019TestDanylovaAnna.xcdatamodeld */,
				5C5A342322847B5C003D341D /* Model.xcdatamodeld */,
			);
			path = EvoMobileLab2019TestDanylovaAnna;
			sourceTree = "<group>";
		};
		5C5A340922847402003D341D /* EvoMobileLab2019TestDanylovaAnnaTests */ = {
			isa = PBXGroup;
			children = (
				5C5A340A22847402003D341D /* EvoMobileLab2019TestDanylovaAnnaTests.swift */,
				5C5A340C22847402003D341D /* Info.plist */,
			);
			path = EvoMobileLab2019TestDanylovaAnnaTests;
			sourceTree = "<group>";
		};
		5C5A341422847402003D341D /* EvoMobileLab2019TestDanylovaAnnaUITests */ = {
			isa = PBXGroup;
			children = (
				5C5A341522847402003D341D /* EvoMobileLab2019TestDanylovaAnnaUITests.swift */,
				5C5A341722847402003D341D /* Info.plist */,
			);
			path = EvoMobileLab2019TestDanylovaAnnaUITests;
			sourceTree = "<group>";
		};
/* End PBXGroup section */

/* Begin PBXNativeTarget section */
		5C5A33EE22847402003D341D /* EvoMobileLab2019TestDanylovaAnna */ = {
			isa = PBXNativeTarget;
			buildConfigurationList = 5C5A341A22847402003D341D /* Build configuration list for PBXNativeTarget "EvoMobileLab2019TestDanylovaAnna" */;
			buildPhases = (
				5C5A33EB22847402003D341D /* Sources */,
				5C5A33EC22847402003D341D /* Frameworks */,
				5C5A33ED22847402003D341D /* Resources */,
			);
			buildRules = (
			);
			dependencies = (
			);
			name = EvoMobileLab2019TestDanylovaAnna;
			productName = EvoMobileLab2019TestDanylovaAnna;
			productReference = 5C5A33EF22847402003D341D /* EvoMobileLab2019TestDanylovaAnna.app */;
			productType = "com.apple.product-type.application";
		};
		5C5A340522847402003D341D /* EvoMobileLab2019TestDanylovaAnnaTests */ = {
			isa = PBXNativeTarget;
			buildConfigurationList = 5C5A341D22847402003D341D /* Build configuration list for PBXNativeTarget "EvoMobileLab2019TestDanylovaAnnaTests" */;
			buildPhases = (
				5C5A340222847402003D341D /* Sources */,
				5C5A340322847402003D341D /* Frameworks */,
				5C5A340422847402003D341D /* Resources */,
			);
			buildRules = (
			);
			dependencies = (
				5C5A340822847402003D341D /* PBXTargetDependency */,
			);
			name = EvoMobileLab2019TestDanylovaAnnaTests;
			productName = EvoMobileLab2019TestDanylovaAnnaTests;
			productReference = 5C5A340622847402003D341D /* EvoMobileLab2019TestDanylovaAnnaTests.xctest */;
			productType = "com.apple.product-type.bundle.unit-test";
		};
		5C5A341022847402003D341D /* EvoMobileLab2019TestDanylovaAnnaUITests */ = {
			isa = PBXNativeTarget;
			buildConfigurationList = 5C5A342022847402003D341D /* Build configuration list for PBXNativeTarget "EvoMobileLab2019TestDanylovaAnnaUITests" */;
			buildPhases = (
				5C5A340D22847402003D341D /* Sources */,
				5C5A340E22847402003D341D /* Frameworks */,
				5C5A340F22847402003D341D /* Resources */,
			);
			buildRules = (
			);
			dependencies = (
				5C5A341322847402003D341D /* PBXTargetDependency */,
			);
			name = EvoMobileLab2019TestDanylovaAnnaUITests;
			productName = EvoMobileLab2019TestDanylovaAnnaUITests;
			productReference = 5C5A341122847402003D341D /* EvoMobileLab2019TestDanylovaAnnaUITests.xctest */;
			productType = "com.apple.product-type.bundle.ui-testing";
		};
/* End PBXNativeTarget section */

/* Begin PBXProject section */
		5C5A33E722847402003D341D /* Project object */ = {
			isa = PBXProject;
			attributes = {
				LastSwiftUpdateCheck = 0920;
				LastUpgradeCheck = 0920;
				ORGANIZATIONNAME = "Ganna DANYLOVA";
				TargetAttributes = {
					5C5A33EE22847402003D341D = {
						CreatedOnToolsVersion = 9.2;
						ProvisioningStyle = Automatic;
					};
					5C5A340522847402003D341D = {
						CreatedOnToolsVersion = 9.2;
						ProvisioningStyle = Automatic;
						TestTargetID = 5C5A33EE22847402003D341D;
					};
					5C5A341022847402003D341D = {
						CreatedOnToolsVersion = 9.2;
						ProvisioningStyle = Automatic;
						TestTargetID = 5C5A33EE22847402003D341D;
					};
				};
			};
			buildConfigurationList = 5C5A33EA22847402003D341D /* Build configuration list for PBXProject "EvoMobileLab2019TestDanylovaAnna" */;
			compatibilityVersion = "Xcode 8.0";
			developmentRegion = en;
			hasScannedForEncodings = 0;
			knownRegions = (
				en,
				Base,
			);
			mainGroup = 5C5A33E622847402003D341D;
			productRefGroup = 5C5A33F022847402003D341D /* Products */;
			projectDirPath = "";
			projectRoot = "";
			targets = (
				5C5A33EE22847402003D341D /* EvoMobileLab2019TestDanylovaAnna */,
				5C5A340522847402003D341D /* EvoMobileLab2019TestDanylovaAnnaTests */,
				5C5A341022847402003D341D /* EvoMobileLab2019TestDanylovaAnnaUITests */,
			);
		};
/* End PBXProject section */

/* Begin PBXResourcesBuildPhase section */
		5C5A33ED22847402003D341D /* Resources */ = {
			isa = PBXResourcesBuildPhase;
			buildActionMask = 2147483647;
			files = (
				5C5A340022847402003D341D /* LaunchScreen.storyboard in Resources */,
				5C5A33FD22847402003D341D /* Assets.xcassets in Resources */,
				5C5A33F822847402003D341D /* Main.storyboard in Resources */,
			);
			runOnlyForDeploymentPostprocessing = 0;
		};
		5C5A340422847402003D341D /* Resources */ = {
			isa = PBXResourcesBuildPhase;
			buildActionMask = 2147483647;
			files = (
			);
			runOnlyForDeploymentPostprocessing = 0;
		};
		5C5A340F22847402003D341D /* Resources */ = {
			isa = PBXResourcesBuildPhase;
			buildActionMask = 2147483647;
			files = (
			);
			runOnlyForDeploymentPostprocessing = 0;
		};
/* End PBXResourcesBuildPhase section */

/* Begin PBXSourcesBuildPhase section */
		5C5A33EB22847402003D341D /* Sources */ = {
			isa = PBXSourcesBuildPhase;
			buildActionMask = 2147483647;
			files = (
				5C5A33F522847402003D341D /* ViewController.swift in Sources */,
				5C5A33F322847402003D341D /* AppDelegate.swift in Sources */,
				5C5A33FB22847402003D341D /* EvoMobileLab2019TestDanylovaAnna.xcdatamodeld in Sources */,
				5C5A342522847B5C003D341D /* Model.xcdatamodeld in Sources */,
			);
			runOnlyForDeploymentPostprocessing = 0;
		};
		5C5A340222847402003D341D /* Sources */ = {
			isa = PBXSourcesBuildPhase;
			buildActionMask = 2147483647;
			files = (
				5C5A340B22847402003D341D /* EvoMobileLab2019TestDanylovaAnnaTests.swift in Sources */,
			);
			runOnlyForDeploymentPostprocessing = 0;
		};
		5C5A340D22847402003D341D /* Sources */ = {
			isa = PBXSourcesBuildPhase;
			buildActionMask = 2147483647;
			files = (
				5C5A341622847402003D341D /* EvoMobileLab2019TestDanylovaAnnaUITests.swift in Sources */,
			);
			runOnlyForDeploymentPostprocessing = 0;
		};
/* End PBXSourcesBuildPhase section */

/* Begin PBXTargetDependency section */
		5C5A340822847402003D341D /* PBXTargetDependency */ = {
			isa = PBXTargetDependency;
			target = 5C5A33EE22847402003D341D /* EvoMobileLab2019TestDanylovaAnna */;
			targetProxy = 5C5A340722847402003D341D /* PBXContainerItemProxy */;
		};
		5C5A341322847402003D341D /* PBXTargetDependency */ = {
			isa = PBXTargetDependency;
			target = 5C5A33EE22847402003D341D /* EvoMobileLab2019TestDanylovaAnna */;
			targetProxy = 5C5A341222847402003D341D /* PBXContainerItemProxy */;
		};
/* End PBXTargetDependency section */

/* Begin PBXVariantGroup section */
		5C5A33F622847402003D341D /* Main.storyboard */ = {
			isa = PBXVariantGroup;
			children = (
				5C5A33F722847402003D341D /* Base */,
			);
			name = Main.storyboard;
			sourceTree = "<group>";
		};
		5C5A33FE22847402003D341D /* LaunchScreen.storyboard */ = {
			isa = PBXVariantGroup;
			children = (
				5C5A33FF22847402003D341D /* Base */,
			);
			name = LaunchScreen.storyboard;
			sourceTree = "<group>";
		};
/* End PBXVariantGroup section */

/* Begin XCBuildConfiguration section */
		5C5A341822847402003D341D /* Debug */ = {
			isa = XCBuildConfiguration;
			buildSettings = {
				ALWAYS_SEARCH_USER_PATHS = NO;
				CLANG_ANALYZER_NONNULL = YES;
				CLANG_ANALYZER_NUMBER_OBJECT_CONVERSION = YES_AGGRESSIVE;
				CLANG_CXX_LANGUAGE_STANDARD = "gnu++14";
				CLANG_CXX_LIBRARY = "libc++";
				CLANG_ENABLE_MODULES = YES;
				CLANG_ENABLE_OBJC_ARC = YES;
				CLANG_WARN_BLOCK_CAPTURE_AUTORELEASING = YES;
				CLANG_WARN_BOOL_CONVERSION = YES;
				CLANG_WARN_COMMA = YES;
				CLANG_WARN_CONSTANT_CONVERSION = YES;
				CLANG_WARN_DIRECT_OBJC_ISA_USAGE = YES_ERROR;
				CLANG_WARN_DOCUMENTATION_COMMENTS = YES;
				CLANG_WARN_EMPTY_BODY = YES;
				CLANG_WARN_ENUM_CONVERSION = YES;
				CLANG_WARN_INFINITE_RECURSION = YES;
				CLANG_WARN_INT_CONVERSION = YES;
				CLANG_WARN_NON_LITERAL_NULL_CONVERSION = YES;
				CLANG_WARN_OBJC_LITERAL_CONVERSION = YES;
				CLANG_WARN_OBJC_ROOT_CLASS = YES_ERROR;
				CLANG_WARN_RANGE_LOOP_ANALYSIS = YES;
				CLANG_WARN_STRICT_PROTOTYPES = YES;
				CLANG_WARN_SUSPICIOUS_MOVE = YES;
				CLANG_WARN_UNGUARDED_AVAILABILITY = YES_AGGRESSIVE;
				CLANG_WARN_UNREACHABLE_CODE = YES;
				CLANG_WARN__DUPLICATE_METHOD_MATCH = YES;
				CODE_SIGN_IDENTITY = "iPhone Developer";
				COPY_PHASE_STRIP = NO;
				DEBUG_INFORMATION_FORMAT = dwarf;
				ENABLE_STRICT_OBJC_MSGSEND = YES;
				ENABLE_TESTABILITY = YES;
				GCC_C_LANGUAGE_STANDARD = gnu11;
				GCC_DYNAMIC_NO_PIC = NO;
				GCC_NO_COMMON_BLOCKS = YES;
				GCC_OPTIMIZATION_LEVEL = 0;
				GCC_PREPROCESSOR_DEFINITIONS = (
					"DEBUG=1",
					"$(inherited)",
				);
				GCC_WARN_64_TO_32_BIT_CONVERSION = YES;
				GCC_WARN_ABOUT_RETURN_TYPE = YES_ERROR;
				GCC_WARN_UNDECLARED_SELECTOR = YES;
				GCC_WARN_UNINITIALIZED_AUTOS = YES_AGGRESSIVE;
				GCC_WARN_UNUSED_FUNCTION = YES;
				GCC_WARN_UNUSED_VARIABLE = YES;
				IPHONEOS_DEPLOYMENT_TARGET = 11.2;
				MTL_ENABLE_DEBUG_INFO = YES;
				ONLY_ACTIVE_ARCH = YES;
				SDKROOT = iphoneos;
				SWIFT_ACTIVE_COMPILATION_CONDITIONS = DEBUG;
				SWIFT_OPTIMIZATION_LEVEL = "-Onone";
			};
			name = Debug;
		};
		5C5A341922847402003D341D /* Release */ = {
			isa = XCBuildConfiguration;
			buildSettings = {
				ALWAYS_SEARCH_USER_PATHS = NO;
				CLANG_ANALYZER_NONNULL = YES;
				CLANG_ANALYZER_NUMBER_OBJECT_CONVERSION = YES_AGGRESSIVE;
				CLANG_CXX_LANGUAGE_STANDARD = "gnu++14";
				CLANG_CXX_LIBRARY = "libc++";
				CLANG_ENABLE_MODULES = YES;
				CLANG_ENABLE_OBJC_ARC = YES;
				CLANG_WARN_BLOCK_CAPTURE_AUTORELEASING = YES;
				CLANG_WARN_BOOL_CONVERSION = YES;
				CLANG_WARN_COMMA = YES;
				CLANG_WARN_CONSTANT_CONVERSION = YES;
				CLANG_WARN_DIRECT_OBJC_ISA_USAGE = YES_ERROR;
				CLANG_WARN_DOCUMENTATION_COMMENTS = YES;
				CLANG_WARN_EMPTY_BODY = YES;
				CLANG_WARN_ENUM_CONVERSION = YES;
				CLANG_WARN_INFINITE_RECURSION = YES;
				CLANG_WARN_INT_CONVERSION = YES;
				CLANG_WARN_NON_LITERAL_NULL_CONVERSION = YES;
				CLANG_WARN_OBJC_LITERAL_CONVERSION = YES;
				CLANG_WARN_OBJC_ROOT_CLASS = YES_ERROR;
				CLANG_WARN_RANGE_LOOP_ANALYSIS = YES;
				CLANG_WARN_STRICT_PROTOTYPES = YES;
				CLANG_WARN_SUSPICIOUS_MOVE = YES;
				CLANG_WARN_UNGUARDED_AVAILABILITY = YES_AGGRESSIVE;
				CLANG_WARN_UNREACHABLE_CODE = YES;
				CLANG_WARN__DUPLICATE_METHOD_MATCH = YES;
				CODE_SIGN_IDENTITY = "iPhone Developer";
				COPY_PHASE_STRIP = NO;
				DEBUG_INFORMATION_FORMAT = "dwarf-with-dsym";
				ENABLE_NS_ASSERTIONS = NO;
				ENABLE_STRICT_OBJC_MSGSEND = YES;
				GCC_C_LANGUAGE_STANDARD = gnu11;
				GCC_NO_COMMON_BLOCKS = YES;
				GCC_WARN_64_TO_32_BIT_CONVERSION = YES;
				GCC_WARN_ABOUT_RETURN_TYPE = YES_ERROR;
				GCC_WARN_UNDECLARED_SELECTOR = YES;
				GCC_WARN_UNINITIALIZED_AUTOS = YES_AGGRESSIVE;
				GCC_WARN_UNUSED_FUNCTION = YES;
				GCC_WARN_UNUSED_VARIABLE = YES;
				IPHONEOS_DEPLOYMENT_TARGET = 11.2;
				MTL_ENABLE_DEBUG_INFO = NO;
				SDKROOT = iphoneos;
				SWIFT_OPTIMIZATION_LEVEL = "-Owholemodule";
				VALIDATE_PRODUCT = YES;
			};
			name = Release;
		};
		5C5A341B22847402003D341D /* Debug */ = {
			isa = XCBuildConfiguration;
			buildSettings = {
				ASSETCATALOG_COMPILER_APPICON_NAME = AppIcon;
				CODE_SIGN_STYLE = Automatic;
				INFOPLIST_FILE = EvoMobileLab2019TestDanylovaAnna/Info.plist;
				LD_RUNPATH_SEARCH_PATHS = "$(inherited) @executable_path/Frameworks";
				PRODUCT_BUNDLE_IDENTIFIER = DanylovaAnna.EvoMobileLab2019TestDanylovaAnna;
				PRODUCT_NAME = "$(TARGET_NAME)";
				SWIFT_VERSION = 4.0;
				TARGETED_DEVICE_FAMILY = "1,2";
			};
			name = Debug;
		};
		5C5A341C22847402003D341D /* Release */ = {
			isa = XCBuildConfiguration;
			buildSettings = {
				ASSETCATALOG_COMPILER_APPICON_NAME = AppIcon;
				CODE_SIGN_STYLE = Automatic;
				INFOPLIST_FILE = EvoMobileLab2019TestDanylovaAnna/Info.plist;
				LD_RUNPATH_SEARCH_PATHS = "$(inherited) @executable_path/Frameworks";
				PRODUCT_BUNDLE_IDENTIFIER = DanylovaAnna.EvoMobileLab2019TestDanylovaAnna;
				PRODUCT_NAME = "$(TARGET_NAME)";
				SWIFT_VERSION = 4.0;
				TARGETED_DEVICE_FAMILY = "1,2";
			};
			name = Release;
		};
		5C5A341E22847402003D341D /* Debug */ = {
			isa = XCBuildConfiguration;
			buildSettings = {
				ALWAYS_EMBED_SWIFT_STANDARD_LIBRARIES = YES;
				BUNDLE_LOADER = "$(TEST_HOST)";
				CODE_SIGN_STYLE = Automatic;
				INFOPLIST_FILE = EvoMobileLab2019TestDanylovaAnnaTests/Info.plist;
				LD_RUNPATH_SEARCH_PATHS = "$(inherited) @executable_path/Frameworks @loader_path/Frameworks";
				PRODUCT_BUNDLE_IDENTIFIER = DanylovaAnna.EvoMobileLab2019TestDanylovaAnnaTests;
				PRODUCT_NAME = "$(TARGET_NAME)";
				SWIFT_VERSION = 4.0;
				TARGETED_DEVICE_FAMILY = "1,2";
				TEST_HOST = "$(BUILT_PRODUCTS_DIR)/EvoMobileLab2019TestDanylovaAnna.app/EvoMobileLab2019TestDanylovaAnna";
			};
			name = Debug;
		};
		5C5A341F22847402003D341D /* Release */ = {
			isa = XCBuildConfiguration;
			buildSettings = {
				ALWAYS_EMBED_SWIFT_STANDARD_LIBRARIES = YES;
				BUNDLE_LOADER = "$(TEST_HOST)";
				CODE_SIGN_STYLE = Automatic;
				INFOPLIST_FILE = EvoMobileLab2019TestDanylovaAnnaTests/Info.plist;
				LD_RUNPATH_SEARCH_PATHS = "$(inherited) @executable_path/Frameworks @loader_path/Frameworks";
				PRODUCT_BUNDLE_IDENTIFIER = DanylovaAnna.EvoMobileLab2019TestDanylovaAnnaTests;
				PRODUCT_NAME = "$(TARGET_NAME)";
				SWIFT_VERSION = 4.0;
				TARGETED_DEVICE_FAMILY = "1,2";
				TEST_HOST = "$(BUILT_PRODUCTS_DIR)/EvoMobileLab2019TestDanylovaAnna.app/EvoMobileLab2019TestDanylovaAnna";
			};
			name = Release;
		};
		5C5A342122847402003D341D /* Debug */ = {
			isa = XCBuildConfiguration;
			buildSettings = {
				ALWAYS_EMBED_SWIFT_STANDARD_LIBRARIES = YES;
				CODE_SIGN_STYLE = Automatic;
				INFOPLIST_FILE = EvoMobileLab2019TestDanylovaAnnaUITests/Info.plist;
				LD_RUNPATH_SEARCH_PATHS = "$(inherited) @executable_path/Frameworks @loader_path/Frameworks";
				PRODUCT_BUNDLE_IDENTIFIER = DanylovaAnna.EvoMobileLab2019TestDanylovaAnnaUITests;
				PRODUCT_NAME = "$(TARGET_NAME)";
				SWIFT_VERSION = 4.0;
				TARGETED_DEVICE_FAMILY = "1,2";
				TEST_TARGET_NAME = EvoMobileLab2019TestDanylovaAnna;
			};
			name = Debug;
		};
		5C5A342222847402003D341D /* Release */ = {
			isa = XCBuildConfiguration;
			buildSettings = {
				ALWAYS_EMBED_SWIFT_STANDARD_LIBRARIES = YES;
				CODE_SIGN_STYLE = Automatic;
				INFOPLIST_FILE = EvoMobileLab2019TestDanylovaAnnaUITests/Info.plist;
				LD_RUNPATH_SEARCH_PATHS = "$(inherited) @executable_path/Frameworks @loader_path/Frameworks";
				PRODUCT_BUNDLE_IDENTIFIER = DanylovaAnna.EvoMobileLab2019TestDanylovaAnnaUITests;
				PRODUCT_NAME = "$(TARGET_NAME)";
				SWIFT_VERSION = 4.0;
				TARGETED_DEVICE_FAMILY = "1,2";
				TEST_TARGET_NAME = EvoMobileLab2019TestDanylovaAnna;
			};
			name = Release;
		};
/* End XCBuildConfiguration section */

/* Begin XCConfigurationList section */
		5C5A33EA22847402003D341D /* Build configuration list for PBXProject "EvoMobileLab2019TestDanylovaAnna" */ = {
			isa = XCConfigurationList;
			buildConfigurations = (
				5C5A341822847402003D341D /* Debug */,
				5C5A341922847402003D341D /* Release */,
			);
			defaultConfigurationIsVisible = 0;
			defaultConfigurationName = Release;
		};
		5C5A341A22847402003D341D /* Build configuration list for PBXNativeTarget "EvoMobileLab2019TestDanylovaAnna" */ = {
			isa = XCConfigurationList;
			buildConfigurations = (
				5C5A341B22847402003D341D /* Debug */,
				5C5A341C22847402003D341D /* Release */,
			);
			defaultConfigurationIsVisible = 0;
			defaultConfigurationName = Release;
		};
		5C5A341D22847402003D341D /* Build configuration list for PBXNativeTarget "EvoMobileLab2019TestDanylovaAnnaTests" */ = {
			isa = XCConfigurationList;
			buildConfigurations = (
				5C5A341E22847402003D341D /* Debug */,
				5C5A341F22847402003D341D /* Release */,
			);
			defaultConfigurationIsVisible = 0;
			defaultConfigurationName = Release;
		};
		5C5A342022847402003D341D /* Build configuration list for PBXNativeTarget "EvoMobileLab2019TestDanylovaAnnaUITests" */ = {
			isa = XCConfigurationList;
			buildConfigurations = (
				5C5A342122847402003D341D /* Debug */,
				5C5A342222847402003D341D /* Release */,
			);
			defaultConfigurationIsVisible = 0;
			defaultConfigurationName = Release;
		};
/* End XCConfigurationList section */

/* Begin XCVersionGroup section */
		5C5A33F922847402003D341D /* EvoMobileLab2019TestDanylovaAnna.xcdatamodeld */ = {
			isa = XCVersionGroup;
			children = (
				5C5A33FA22847402003D341D /* EvoMobileLab2019TestDanylovaAnna.xcdatamodel */,
			);
			currentVersion = 5C5A33FA22847402003D341D /* EvoMobileLab2019TestDanylovaAnna.xcdatamodel */;
			path = EvoMobileLab2019TestDanylovaAnna.xcdatamodeld;
			sourceTree = "<group>";
			versionGroupType = wrapper.xcdatamodel;
		};
		5C5A342322847B5C003D341D /* Model.xcdatamodeld */ = {
			isa = XCVersionGroup;
			children = (
				5C5A342422847B5C003D341D /* Model.xcdatamodel */,
			);
			currentVersion = 5C5A342422847B5C003D341D /* Model.xcdatamodel */;
			path = Model.xcdatamodeld;
			sourceTree = "<group>";
			versionGroupType = wrapper.xcdatamodel;
		};
/* End XCVersionGroup section */
	};
	rootObject = 5C5A33E722847402003D341D /* Project object */;
}
